
Microsoft Visual Studio Solution File, Format Version 12.00
# Visual Studio Version 17
VisualStudioVersion = 17.9.34607.119
MinimumVisualStudioVersion = 10.0.40219.1
Project("{FAE04EC0-301F-11D3-BF4B-00C04F79EFBC}") = "SurveyBasket.Api", "SurveyBasket.Api\SurveyBasket.Api.csproj", "{D923E2D6-8B90-44FD-8248-CF0EA5F25175}"
EndProject
Global
	GlobalSection(SolutionConfigurationPlatforms) = preSolution
		Debug|Any CPU = Debug|Any CPU
		Release|Any CPU = Release|Any CPU
	EndGlobalSection
	GlobalSection(ProjectConfigurationPlatforms) = postSolution
		{D923E2D6-8B90-44FD-8248-CF0EA5F25175}.Debug|Any CPU.ActiveCfg = Debug|Any CPU
		{D923E2D6-8B90-44FD-8248-CF0EA5F25175}.Debug|Any CPU.Build.0 = Debug|Any CPU
		{D923E2D6-8B90-44FD-8248-CF0EA5F25175}.Release|Any CPU.ActiveCfg = Release|Any CPU
		{D923E2D6-8B90-44FD-8248-CF0EA5F25175}.Release|Any CPU.Build.0 = Release|Any CPU
	EndGlobalSection
	GlobalSection(SolutionProperties) = preSolution
		HideSolutionNode = FALSE
	EndGlobalSection
	GlobalSection(ExtensibilityGlobals) = postSolution
		SolutionGuid = {5A00BF9E-1010-4523-9F72-6884420B2FB5}
	EndGlobalSection
EndGlobal
